%{
  "dialyxir": {:hex, :dialyxir, "1.4.5", "ca1571ac18e0f88d4ab245f0b60fa31ff1b12cbae2b11bd25d207f865e8ae78a", [:mix], [{:erlex, ">= 0.2.7", [hex: :erlex, repo: "hexpm", optional: false]}], "hexpm", "b0fb08bb8107c750db5c0b324fa2df5ceaa0f9307690ee3c1f6ba5b9eb5d35c3"},
  "erlex": {:hex, :erlex, "0.2.7", "810e8725f96ab74d17aac676e748627a07bc87eb950d2b83acd29dc047a30595", [:mix], [], "hexpm", "3ed95f79d1a844c3f6bf0cea61e0d5612a42ce56da9c03f01df538685365efb0"},
  "meck": {:hex, :meck, "1.0.0", "24676cb6ee6951530093a93edcd410cfe4cb59fe89444b875d35c9d3909a15d0", [:rebar3], [], "hexpm", "680a9bcfe52764350beb9fb0335fb75fee8e7329821416cee0a19fec35433882"},
}
